
Microsoft Visual Studio Solution File, Format Version 9.00
# Visual Studio 2005
Project("{FAE04EC0-301F-11D3-BF4B-00C04F79EFBC}") = "CraigFowler.Cli", "CraigFowler.Cli\CraigFowler.Cli.csproj", "{649F3CAD-600C-4427-ACD1-C470A26B7288}"
EndProject
Project("{FAE04EC0-301F-11D3-BF4B-00C04F79EFBC}") = "Test.CraigFowler.Cli", "Test.CraigFowler.Cli\Test.CraigFowler.Cli.csproj", "{C7643872-99A4-4511-B4FC-022AEE483274}"
EndProject
Global
	GlobalSection(SolutionConfigurationPlatforms) = preSolution
		Debug|Any CPU = Debug|Any CPU
		Release|Any CPU = Release|Any CPU
	EndGlobalSection
	GlobalSection(ProjectConfigurationPlatforms) = postSolution
		{649F3CAD-600C-4427-ACD1-C470A26B7288}.Debug|Any CPU.ActiveCfg = Debug|Any CPU
		{649F3CAD-600C-4427-ACD1-C470A26B7288}.Debug|Any CPU.Build.0 = Debug|Any CPU
		{649F3CAD-600C-4427-ACD1-C470A26B7288}.Release|Any CPU.ActiveCfg = Release|Any CPU
		{649F3CAD-600C-4427-ACD1-C470A26B7288}.Release|Any CPU.Build.0 = Release|Any CPU
		{C7643872-99A4-4511-B4FC-022AEE483274}.Debug|Any CPU.ActiveCfg = Debug|Any CPU
		{C7643872-99A4-4511-B4FC-022AEE483274}.Debug|Any CPU.Build.0 = Debug|Any CPU
		{C7643872-99A4-4511-B4FC-022AEE483274}.Release|Any CPU.ActiveCfg = Release|Any CPU
		{C7643872-99A4-4511-B4FC-022AEE483274}.Release|Any CPU.Build.0 = Release|Any CPU
	EndGlobalSection
	GlobalSection(MonoDevelopProperties) = preSolution
		StartupItem = CraigFowler.Cli\CraigFowler.Cli.csproj
		Policies = $0
		$0.StandardHeader = $1
		$1.inheritsSet = GPLv3License
	EndGlobalSection
EndGlobal
