
Microsoft Visual Studio Solution File, Format Version 12.00
# Visual Studio 2012
Project("{FAE04EC0-301F-11D3-BF4B-00C04F79EFBC}") = "CSF.Zpt", "CSF.Zpt\CSF.Zpt.csproj", "{16E957BB-347C-4EE1-815F-19AC296FB9E0}"
EndProject
Project("{2150E333-8FDC-42A3-9474-1A3956D46DE8}") = "Common", "Common", "{B99672F8-AB58-4435-AAE7-18850F239A17}"
	ProjectSection(SolutionItems) = preProject
		Common\CommonAssemblyInfo.cs = Common\CommonAssemblyInfo.cs
	EndProjectSection
EndProject
Project("{2150E333-8FDC-42A3-9474-1A3956D46DE8}") = "CSF", "CSF", "{4B340A7A-DC93-4D8D-85DE-AF5123BE9F53}"
EndProject
Project("{FAE04EC0-301F-11D3-BF4B-00C04F79EFBC}") = "CSF", "CSF\CSF\CSF.csproj", "{E563D7BC-1AB1-4AFB-8533-51315437C6E6}"
EndProject
Project("{FAE04EC0-301F-11D3-BF4B-00C04F79EFBC}") = "CSF.Cli.Parameters", "CSF\CSF.Cli.Parameters\CSF.Cli.Parameters.csproj", "{295C293C-60FB-43F3-B728-C2BA5B7516BC}"
EndProject
Project("{FAE04EC0-301F-11D3-BF4B-00C04F79EFBC}") = "CSF.Reflection", "CSF\CSF.Reflection\CSF.Reflection.csproj", "{275413F6-0651-4AD4-A426-07EDA165C07E}"
EndProject
Project("{FAE04EC0-301F-11D3-BF4B-00C04F79EFBC}") = "CSF.Configuration", "CSF\CSF.Configuration\CSF.Configuration.csproj", "{8C570A26-CEEB-45D1-9436-745C8DBAE9D8}"
EndProject
Project("{FAE04EC0-301F-11D3-BF4B-00C04F79EFBC}") = "CSF.Zpt.Abstractions", "CSF.Zpt.Abstractions\CSF.Zpt.Abstractions.csproj", "{8207CD9B-F1C1-4D75-B250-ACDFFBDCB071}"
EndProject
Project("{FAE04EC0-301F-11D3-BF4B-00C04F79EFBC}") = "CSF.Zpt.MVC", "CSF.Zpt.MVC\CSF.Zpt.MVC.csproj", "{9B4DF12E-6E04-4C25-AD16-58434C18DE8A}"
EndProject
Project("{FAE04EC0-301F-11D3-BF4B-00C04F79EFBC}") = "CSF.Zpt.Cli", "CSF.Zpt.Cli\CSF.Zpt.Cli.csproj", "{4DD64666-DBEF-4AD5-BDB0-3EB3C70A6E83}"
EndProject
Project("{9344BDBB-3E7F-41FC-A0DD-8665D75EE146}") = "CSF.Zpt.Packaging", "CSF.Zpt.Packaging\CSF.Zpt.Packaging.mdproj", "{454F2087-0EFE-492C-AE21-3AC340189010}"
EndProject
Project("{FAE04EC0-301F-11D3-BF4B-00C04F79EFBC}") = "CSF.Zpt.Log4net", "CSF.Zpt.Log4net\CSF.Zpt.Log4net.csproj", "{81044439-06CF-44E2-BBF2-3800F1DEB5B1}"
EndProject
Project("{FAE04EC0-301F-11D3-BF4B-00C04F79EFBC}") = "Documentation", "Documentation\Documentation.csproj", "{28D30A8C-0693-4FEA-BCC7-020AA41ECBB1}"
EndProject
Project("{2150E333-8FDC-42A3-9474-1A3956D46DE8}") = "DocumentProviders", "DocumentProviders", "{F1251A40-9526-48DC-A665-F9AEB972AC33}"
EndProject
Project("{FAE04EC0-301F-11D3-BF4B-00C04F79EFBC}") = "CSF.Zpt.DocumentProviders.HtmlHAP", "DocumentProviders\CSF.Zpt.DocumentProviders.HtmlHAP\CSF.Zpt.DocumentProviders.HtmlHAP.csproj", "{BFD834D4-5724-4425-BCB3-6DEE6B03F743}"
EndProject
Project("{FAE04EC0-301F-11D3-BF4B-00C04F79EFBC}") = "CSF.Zpt.DocumentProviders.XmlLegacy", "DocumentProviders\CSF.Zpt.DocumentProviders.XmlLegacy\CSF.Zpt.DocumentProviders.XmlLegacy.csproj", "{71834399-0B92-4754-9721-178872E77CFD}"
EndProject
Project("{FAE04EC0-301F-11D3-BF4B-00C04F79EFBC}") = "CSF.Zpt.DocumentProviders.XmlLinq", "DocumentProviders\CSF.Zpt.DocumentProviders.XmlLinq\CSF.Zpt.DocumentProviders.XmlLinq.csproj", "{842160E4-BDE5-4FA0-ADE5-07554090AA27}"
EndProject
Project("{2150E333-8FDC-42A3-9474-1A3956D46DE8}") = "ExpressionEvaluators", "ExpressionEvaluators", "{F2830FC9-EFCE-4DE8-8B24-2196A4F820BC}"
EndProject
Project("{FAE04EC0-301F-11D3-BF4B-00C04F79EFBC}") = "CSF.Zpt.ExpressionEvaluators.PathExpressions", "ExpressionEvaluators\CSF.Zpt.ExpressionEvaluators.PathExpressions\CSF.Zpt.ExpressionEvaluators.PathExpressions.csproj", "{B6A27567-61F7-43F7-B201-FFC7A449BDBB}"
EndProject
Project("{FAE04EC0-301F-11D3-BF4B-00C04F79EFBC}") = "CSF.Zpt.ExpressionEvaluators.StringExpressions", "ExpressionEvaluators\CSF.Zpt.ExpressionEvaluators.StringExpressions\CSF.Zpt.ExpressionEvaluators.StringExpressions.csproj", "{63F5FF1D-DA36-4BB4-AA99-24AA78844109}"
EndProject
Project("{FAE04EC0-301F-11D3-BF4B-00C04F79EFBC}") = "CSF.Zpt.ExpressionEvaluators.NotExpressions", "ExpressionEvaluators\CSF.Zpt.ExpressionEvaluators.NotExpressions\CSF.Zpt.ExpressionEvaluators.NotExpressions.csproj", "{7B3748AD-DF11-4A80-9258-EA043CD99D7C}"
EndProject
Project("{2150E333-8FDC-42A3-9474-1A3956D46DE8}") = "Tests", "Tests", "{39927A41-7964-48BF-9D90-DAFA48D54F09}"
EndProject
Project("{FAE04EC0-301F-11D3-BF4B-00C04F79EFBC}") = "Test.CSF.Zpt", "Tests\Test.CSF.Zpt\Test.CSF.Zpt.csproj", "{7228188F-FD67-4C28-9BAC-E36E11D6ADBB}"
EndProject
Project("{FAE04EC0-301F-11D3-BF4B-00C04F79EFBC}") = "Test.CSF.Zpt.Cli", "Tests\Test.CSF.Zpt.Cli\Test.CSF.Zpt.Cli.csproj", "{1BD7DB88-B672-4BEF-9B80-F13788A8D295}"
EndProject
Global
	GlobalSection(SolutionConfigurationPlatforms) = preSolution
		Debug|Any CPU = Debug|Any CPU
		Release|Any CPU = Release|Any CPU
		Deploy|Any CPU = Deploy|Any CPU
	EndGlobalSection
	GlobalSection(ProjectConfigurationPlatforms) = postSolution
		{16E957BB-347C-4EE1-815F-19AC296FB9E0}.Debug|Any CPU.ActiveCfg = Debug|Any CPU
		{16E957BB-347C-4EE1-815F-19AC296FB9E0}.Debug|Any CPU.Build.0 = Debug|Any CPU
		{16E957BB-347C-4EE1-815F-19AC296FB9E0}.Deploy|Any CPU.ActiveCfg = Deploy|Any CPU
		{16E957BB-347C-4EE1-815F-19AC296FB9E0}.Deploy|Any CPU.Build.0 = Deploy|Any CPU
		{16E957BB-347C-4EE1-815F-19AC296FB9E0}.Release|Any CPU.ActiveCfg = Release|Any CPU
		{16E957BB-347C-4EE1-815F-19AC296FB9E0}.Release|Any CPU.Build.0 = Release|Any CPU
		{1BD7DB88-B672-4BEF-9B80-F13788A8D295}.Debug|Any CPU.ActiveCfg = Debug|Any CPU
		{1BD7DB88-B672-4BEF-9B80-F13788A8D295}.Debug|Any CPU.Build.0 = Debug|Any CPU
		{1BD7DB88-B672-4BEF-9B80-F13788A8D295}.Deploy|Any CPU.ActiveCfg = Deploy|Any CPU
		{1BD7DB88-B672-4BEF-9B80-F13788A8D295}.Deploy|Any CPU.Build.0 = Deploy|Any CPU
		{1BD7DB88-B672-4BEF-9B80-F13788A8D295}.Release|Any CPU.ActiveCfg = Release|Any CPU
		{1BD7DB88-B672-4BEF-9B80-F13788A8D295}.Release|Any CPU.Build.0 = Release|Any CPU
		{275413F6-0651-4AD4-A426-07EDA165C07E}.Debug|Any CPU.ActiveCfg = Debug|Any CPU
		{275413F6-0651-4AD4-A426-07EDA165C07E}.Debug|Any CPU.Build.0 = Debug|Any CPU
		{275413F6-0651-4AD4-A426-07EDA165C07E}.Deploy|Any CPU.ActiveCfg = Release|Any CPU
		{275413F6-0651-4AD4-A426-07EDA165C07E}.Deploy|Any CPU.Build.0 = Release|Any CPU
		{275413F6-0651-4AD4-A426-07EDA165C07E}.Release|Any CPU.ActiveCfg = Release|Any CPU
		{275413F6-0651-4AD4-A426-07EDA165C07E}.Release|Any CPU.Build.0 = Release|Any CPU
		{28D30A8C-0693-4FEA-BCC7-020AA41ECBB1}.Debug|Any CPU.ActiveCfg = Debug|Any CPU
		{28D30A8C-0693-4FEA-BCC7-020AA41ECBB1}.Debug|Any CPU.Build.0 = Debug|Any CPU
		{28D30A8C-0693-4FEA-BCC7-020AA41ECBB1}.Deploy|Any CPU.ActiveCfg = Deploy|Any CPU
		{28D30A8C-0693-4FEA-BCC7-020AA41ECBB1}.Deploy|Any CPU.Build.0 = Deploy|Any CPU
		{28D30A8C-0693-4FEA-BCC7-020AA41ECBB1}.Release|Any CPU.ActiveCfg = Release|Any CPU
		{28D30A8C-0693-4FEA-BCC7-020AA41ECBB1}.Release|Any CPU.Build.0 = Release|Any CPU
		{295C293C-60FB-43F3-B728-C2BA5B7516BC}.Debug|Any CPU.ActiveCfg = Debug|Any CPU
		{295C293C-60FB-43F3-B728-C2BA5B7516BC}.Debug|Any CPU.Build.0 = Debug|Any CPU
		{295C293C-60FB-43F3-B728-C2BA5B7516BC}.Deploy|Any CPU.ActiveCfg = Release|Any CPU
		{295C293C-60FB-43F3-B728-C2BA5B7516BC}.Deploy|Any CPU.Build.0 = Release|Any CPU
		{295C293C-60FB-43F3-B728-C2BA5B7516BC}.Release|Any CPU.ActiveCfg = Release|Any CPU
		{295C293C-60FB-43F3-B728-C2BA5B7516BC}.Release|Any CPU.Build.0 = Release|Any CPU
		{454F2087-0EFE-492C-AE21-3AC340189010}.Debug|Any CPU.ActiveCfg = Debug|Any CPU
		{454F2087-0EFE-492C-AE21-3AC340189010}.Deploy|Any CPU.ActiveCfg = Deploy|Any CPU
		{454F2087-0EFE-492C-AE21-3AC340189010}.Release|Any CPU.ActiveCfg = Release|Any CPU
		{4DD64666-DBEF-4AD5-BDB0-3EB3C70A6E83}.Debug|Any CPU.ActiveCfg = Debug|Any CPU
		{4DD64666-DBEF-4AD5-BDB0-3EB3C70A6E83}.Debug|Any CPU.Build.0 = Debug|Any CPU
		{4DD64666-DBEF-4AD5-BDB0-3EB3C70A6E83}.Deploy|Any CPU.ActiveCfg = Deploy|Any CPU
		{4DD64666-DBEF-4AD5-BDB0-3EB3C70A6E83}.Deploy|Any CPU.Build.0 = Deploy|Any CPU
		{4DD64666-DBEF-4AD5-BDB0-3EB3C70A6E83}.Release|Any CPU.ActiveCfg = Release|Any CPU
		{4DD64666-DBEF-4AD5-BDB0-3EB3C70A6E83}.Release|Any CPU.Build.0 = Release|Any CPU
		{63F5FF1D-DA36-4BB4-AA99-24AA78844109}.Debug|Any CPU.ActiveCfg = Debug|Any CPU
		{63F5FF1D-DA36-4BB4-AA99-24AA78844109}.Debug|Any CPU.Build.0 = Debug|Any CPU
		{63F5FF1D-DA36-4BB4-AA99-24AA78844109}.Deploy|Any CPU.ActiveCfg = Release|Any CPU
		{63F5FF1D-DA36-4BB4-AA99-24AA78844109}.Deploy|Any CPU.Build.0 = Release|Any CPU
		{63F5FF1D-DA36-4BB4-AA99-24AA78844109}.Release|Any CPU.ActiveCfg = Release|Any CPU
		{63F5FF1D-DA36-4BB4-AA99-24AA78844109}.Release|Any CPU.Build.0 = Release|Any CPU
		{71834399-0B92-4754-9721-178872E77CFD}.Debug|Any CPU.ActiveCfg = Debug|Any CPU
		{71834399-0B92-4754-9721-178872E77CFD}.Debug|Any CPU.Build.0 = Debug|Any CPU
		{71834399-0B92-4754-9721-178872E77CFD}.Deploy|Any CPU.ActiveCfg = Deploy|Any CPU
		{71834399-0B92-4754-9721-178872E77CFD}.Deploy|Any CPU.Build.0 = Deploy|Any CPU
		{71834399-0B92-4754-9721-178872E77CFD}.Release|Any CPU.ActiveCfg = Release|Any CPU
		{71834399-0B92-4754-9721-178872E77CFD}.Release|Any CPU.Build.0 = Release|Any CPU
		{7228188F-FD67-4C28-9BAC-E36E11D6ADBB}.Debug|Any CPU.ActiveCfg = Debug|Any CPU
		{7228188F-FD67-4C28-9BAC-E36E11D6ADBB}.Debug|Any CPU.Build.0 = Debug|Any CPU
		{7228188F-FD67-4C28-9BAC-E36E11D6ADBB}.Deploy|Any CPU.ActiveCfg = Deploy|Any CPU
		{7228188F-FD67-4C28-9BAC-E36E11D6ADBB}.Deploy|Any CPU.Build.0 = Deploy|Any CPU
		{7228188F-FD67-4C28-9BAC-E36E11D6ADBB}.Release|Any CPU.ActiveCfg = Release|Any CPU
		{7228188F-FD67-4C28-9BAC-E36E11D6ADBB}.Release|Any CPU.Build.0 = Release|Any CPU
		{7B3748AD-DF11-4A80-9258-EA043CD99D7C}.Debug|Any CPU.ActiveCfg = Debug|Any CPU
		{7B3748AD-DF11-4A80-9258-EA043CD99D7C}.Debug|Any CPU.Build.0 = Debug|Any CPU
		{7B3748AD-DF11-4A80-9258-EA043CD99D7C}.Deploy|Any CPU.ActiveCfg = Release|Any CPU
		{7B3748AD-DF11-4A80-9258-EA043CD99D7C}.Deploy|Any CPU.Build.0 = Release|Any CPU
		{7B3748AD-DF11-4A80-9258-EA043CD99D7C}.Release|Any CPU.ActiveCfg = Release|Any CPU
		{7B3748AD-DF11-4A80-9258-EA043CD99D7C}.Release|Any CPU.Build.0 = Release|Any CPU
		{81044439-06CF-44E2-BBF2-3800F1DEB5B1}.Debug|Any CPU.ActiveCfg = Debug|Any CPU
		{81044439-06CF-44E2-BBF2-3800F1DEB5B1}.Debug|Any CPU.Build.0 = Debug|Any CPU
		{81044439-06CF-44E2-BBF2-3800F1DEB5B1}.Deploy|Any CPU.ActiveCfg = Deploy|Any CPU
		{81044439-06CF-44E2-BBF2-3800F1DEB5B1}.Deploy|Any CPU.Build.0 = Deploy|Any CPU
		{81044439-06CF-44E2-BBF2-3800F1DEB5B1}.Release|Any CPU.ActiveCfg = Release|Any CPU
		{81044439-06CF-44E2-BBF2-3800F1DEB5B1}.Release|Any CPU.Build.0 = Release|Any CPU
		{8207CD9B-F1C1-4D75-B250-ACDFFBDCB071}.Debug|Any CPU.ActiveCfg = Debug|Any CPU
		{8207CD9B-F1C1-4D75-B250-ACDFFBDCB071}.Debug|Any CPU.Build.0 = Debug|Any CPU
		{8207CD9B-F1C1-4D75-B250-ACDFFBDCB071}.Deploy|Any CPU.ActiveCfg = Deploy|Any CPU
		{8207CD9B-F1C1-4D75-B250-ACDFFBDCB071}.Deploy|Any CPU.Build.0 = Deploy|Any CPU
		{8207CD9B-F1C1-4D75-B250-ACDFFBDCB071}.Release|Any CPU.ActiveCfg = Release|Any CPU
		{8207CD9B-F1C1-4D75-B250-ACDFFBDCB071}.Release|Any CPU.Build.0 = Release|Any CPU
		{842160E4-BDE5-4FA0-ADE5-07554090AA27}.Debug|Any CPU.ActiveCfg = Debug|Any CPU
		{842160E4-BDE5-4FA0-ADE5-07554090AA27}.Debug|Any CPU.Build.0 = Debug|Any CPU
		{842160E4-BDE5-4FA0-ADE5-07554090AA27}.Deploy|Any CPU.ActiveCfg = Deploy|Any CPU
		{842160E4-BDE5-4FA0-ADE5-07554090AA27}.Deploy|Any CPU.Build.0 = Deploy|Any CPU
		{842160E4-BDE5-4FA0-ADE5-07554090AA27}.Release|Any CPU.ActiveCfg = Release|Any CPU
		{842160E4-BDE5-4FA0-ADE5-07554090AA27}.Release|Any CPU.Build.0 = Release|Any CPU
		{8C570A26-CEEB-45D1-9436-745C8DBAE9D8}.Debug|Any CPU.ActiveCfg = Debug|Any CPU
		{8C570A26-CEEB-45D1-9436-745C8DBAE9D8}.Debug|Any CPU.Build.0 = Debug|Any CPU
		{8C570A26-CEEB-45D1-9436-745C8DBAE9D8}.Deploy|Any CPU.ActiveCfg = Release|Any CPU
		{8C570A26-CEEB-45D1-9436-745C8DBAE9D8}.Deploy|Any CPU.Build.0 = Release|Any CPU
		{8C570A26-CEEB-45D1-9436-745C8DBAE9D8}.Release|Any CPU.ActiveCfg = Release|Any CPU
		{8C570A26-CEEB-45D1-9436-745C8DBAE9D8}.Release|Any CPU.Build.0 = Release|Any CPU
		{9B4DF12E-6E04-4C25-AD16-58434C18DE8A}.Debug|Any CPU.ActiveCfg = Debug|Any CPU
		{9B4DF12E-6E04-4C25-AD16-58434C18DE8A}.Debug|Any CPU.Build.0 = Debug|Any CPU
		{9B4DF12E-6E04-4C25-AD16-58434C18DE8A}.Deploy|Any CPU.ActiveCfg = Deploy|Any CPU
		{9B4DF12E-6E04-4C25-AD16-58434C18DE8A}.Deploy|Any CPU.Build.0 = Deploy|Any CPU
		{9B4DF12E-6E04-4C25-AD16-58434C18DE8A}.Release|Any CPU.ActiveCfg = Release|Any CPU
		{9B4DF12E-6E04-4C25-AD16-58434C18DE8A}.Release|Any CPU.Build.0 = Release|Any CPU
		{B6A27567-61F7-43F7-B201-FFC7A449BDBB}.Debug|Any CPU.ActiveCfg = Debug|Any CPU
		{B6A27567-61F7-43F7-B201-FFC7A449BDBB}.Debug|Any CPU.Build.0 = Debug|Any CPU
		{B6A27567-61F7-43F7-B201-FFC7A449BDBB}.Deploy|Any CPU.ActiveCfg = Release|Any CPU
		{B6A27567-61F7-43F7-B201-FFC7A449BDBB}.Deploy|Any CPU.Build.0 = Release|Any CPU
		{B6A27567-61F7-43F7-B201-FFC7A449BDBB}.Release|Any CPU.ActiveCfg = Release|Any CPU
		{B6A27567-61F7-43F7-B201-FFC7A449BDBB}.Release|Any CPU.Build.0 = Release|Any CPU
		{BFD834D4-5724-4425-BCB3-6DEE6B03F743}.Debug|Any CPU.ActiveCfg = Debug|Any CPU
		{BFD834D4-5724-4425-BCB3-6DEE6B03F743}.Debug|Any CPU.Build.0 = Debug|Any CPU
		{BFD834D4-5724-4425-BCB3-6DEE6B03F743}.Deploy|Any CPU.ActiveCfg = Deploy|Any CPU
		{BFD834D4-5724-4425-BCB3-6DEE6B03F743}.Deploy|Any CPU.Build.0 = Deploy|Any CPU
		{BFD834D4-5724-4425-BCB3-6DEE6B03F743}.Release|Any CPU.ActiveCfg = Release|Any CPU
		{BFD834D4-5724-4425-BCB3-6DEE6B03F743}.Release|Any CPU.Build.0 = Release|Any CPU
		{E563D7BC-1AB1-4AFB-8533-51315437C6E6}.Debug|Any CPU.ActiveCfg = Debug|Any CPU
		{E563D7BC-1AB1-4AFB-8533-51315437C6E6}.Debug|Any CPU.Build.0 = Debug|Any CPU
		{E563D7BC-1AB1-4AFB-8533-51315437C6E6}.Deploy|Any CPU.ActiveCfg = Release|Any CPU
		{E563D7BC-1AB1-4AFB-8533-51315437C6E6}.Deploy|Any CPU.Build.0 = Release|Any CPU
		{E563D7BC-1AB1-4AFB-8533-51315437C6E6}.Release|Any CPU.ActiveCfg = Release|Any CPU
		{E563D7BC-1AB1-4AFB-8533-51315437C6E6}.Release|Any CPU.Build.0 = Release|Any CPU
	EndGlobalSection
	GlobalSection(NestedProjects) = preSolution
		{E563D7BC-1AB1-4AFB-8533-51315437C6E6} = {4B340A7A-DC93-4D8D-85DE-AF5123BE9F53}
		{295C293C-60FB-43F3-B728-C2BA5B7516BC} = {4B340A7A-DC93-4D8D-85DE-AF5123BE9F53}
		{275413F6-0651-4AD4-A426-07EDA165C07E} = {4B340A7A-DC93-4D8D-85DE-AF5123BE9F53}
		{8C570A26-CEEB-45D1-9436-745C8DBAE9D8} = {4B340A7A-DC93-4D8D-85DE-AF5123BE9F53}
		{BFD834D4-5724-4425-BCB3-6DEE6B03F743} = {F1251A40-9526-48DC-A665-F9AEB972AC33}
		{71834399-0B92-4754-9721-178872E77CFD} = {F1251A40-9526-48DC-A665-F9AEB972AC33}
		{842160E4-BDE5-4FA0-ADE5-07554090AA27} = {F1251A40-9526-48DC-A665-F9AEB972AC33}
		{B6A27567-61F7-43F7-B201-FFC7A449BDBB} = {F2830FC9-EFCE-4DE8-8B24-2196A4F820BC}
		{63F5FF1D-DA36-4BB4-AA99-24AA78844109} = {F2830FC9-EFCE-4DE8-8B24-2196A4F820BC}
		{7B3748AD-DF11-4A80-9258-EA043CD99D7C} = {F2830FC9-EFCE-4DE8-8B24-2196A4F820BC}
		{7228188F-FD67-4C28-9BAC-E36E11D6ADBB} = {39927A41-7964-48BF-9D90-DAFA48D54F09}
		{1BD7DB88-B672-4BEF-9B80-F13788A8D295} = {39927A41-7964-48BF-9D90-DAFA48D54F09}
	EndGlobalSection
	GlobalSection(MonoDevelopProperties) = preSolution
		Policies = $0
		$0.TextStylePolicy = $1
		$1.FileWidth = 120
		$1.TabWidth = 2
		$1.IndentWidth = 2
		$1.NoTabsAfterNonTabs = True
		$1.inheritsSet = VisualStudio
		$1.inheritsScope = text/plain
		$1.scope = text/plain
		version = 0.5.0
	EndGlobalSection
EndGlobal
