
Microsoft Visual Studio Solution File, Format Version 10.00
# Visual Studio 2008
Project("{FAE04EC0-301F-11D3-BF4B-00C04F79EFBC}") = "CraigFowler.Web.ZPT", "CraigFowler.Web.ZPT\CraigFowler.Web.ZPT.csproj", "{B887669F-17F7-45E9-BE79-A87570BFFA80}"
EndProject
Project("{FAE04EC0-301F-11D3-BF4B-00C04F79EFBC}") = "Test.CraigFowler.Web.ZPT", "Test.CraigFowler.Web.ZPT\Test.CraigFowler.Web.ZPT.csproj", "{9E6F7F15-7283-4D12-B3F7-4E7D18ED860D}"
EndProject
Project("{FAE04EC0-301F-11D3-BF4B-00C04F79EFBC}") = "CraigFowler.Web.ZPT.Mvc.Samples", "CraigFowler.Web.ZPT.Mvc.Samples\CraigFowler.Web.ZPT.Mvc.Samples.csproj", "{BF4327CD-BE29-4EB6-AFEA-25C714B96410}"
EndProject
Project("{FAE04EC0-301F-11D3-BF4B-00C04F79EFBC}") = "CraigFowler.Web.ZPT.Builder", "CraigFowler.Web.Zpt.Builder\CraigFowler.Web.ZPT.Builder.csproj", "{687221BC-2CE9-43ED-8343-EA35BF5ABAA4}"
EndProject
Project("{9344bdbb-3e7f-41fc-a0dd-8665d75ee146}") = "Packages", "Packages.mdproj", "{2576089C-F564-41B2-B03F-5BAC357E7B7A}"
EndProject
Global
	GlobalSection(SolutionConfigurationPlatforms) = preSolution
		Debug|Any CPU = Debug|Any CPU
		Release|Any CPU = Release|Any CPU
	EndGlobalSection
	GlobalSection(ProjectConfigurationPlatforms) = postSolution
		{2576089C-F564-41B2-B03F-5BAC357E7B7A}.Debug|Any CPU.ActiveCfg = Debug|Any CPU
		{2576089C-F564-41B2-B03F-5BAC357E7B7A}.Release|Any CPU.ActiveCfg = Release|Any CPU
		{687221BC-2CE9-43ED-8343-EA35BF5ABAA4}.Debug|Any CPU.ActiveCfg = Debug|Any CPU
		{687221BC-2CE9-43ED-8343-EA35BF5ABAA4}.Debug|Any CPU.Build.0 = Debug|Any CPU
		{687221BC-2CE9-43ED-8343-EA35BF5ABAA4}.Release|Any CPU.ActiveCfg = Release|Any CPU
		{687221BC-2CE9-43ED-8343-EA35BF5ABAA4}.Release|Any CPU.Build.0 = Release|Any CPU
		{9E6F7F15-7283-4D12-B3F7-4E7D18ED860D}.Debug|Any CPU.ActiveCfg = Debug|Any CPU
		{9E6F7F15-7283-4D12-B3F7-4E7D18ED860D}.Debug|Any CPU.Build.0 = Debug|Any CPU
		{9E6F7F15-7283-4D12-B3F7-4E7D18ED860D}.Release|Any CPU.ActiveCfg = Release|Any CPU
		{9E6F7F15-7283-4D12-B3F7-4E7D18ED860D}.Release|Any CPU.Build.0 = Release|Any CPU
		{B887669F-17F7-45E9-BE79-A87570BFFA80}.Debug|Any CPU.ActiveCfg = Debug|Any CPU
		{B887669F-17F7-45E9-BE79-A87570BFFA80}.Debug|Any CPU.Build.0 = Debug|Any CPU
		{B887669F-17F7-45E9-BE79-A87570BFFA80}.Release|Any CPU.ActiveCfg = Release|Any CPU
		{B887669F-17F7-45E9-BE79-A87570BFFA80}.Release|Any CPU.Build.0 = Release|Any CPU
		{BF4327CD-BE29-4EB6-AFEA-25C714B96410}.Debug|Any CPU.ActiveCfg = Debug|Any CPU
		{BF4327CD-BE29-4EB6-AFEA-25C714B96410}.Debug|Any CPU.Build.0 = Debug|Any CPU
		{BF4327CD-BE29-4EB6-AFEA-25C714B96410}.Release|Any CPU.ActiveCfg = Release|Any CPU
		{BF4327CD-BE29-4EB6-AFEA-25C714B96410}.Release|Any CPU.Build.0 = Release|Any CPU
	EndGlobalSection
	GlobalSection(MonoDevelopProperties) = preSolution
		StartupItem = CraigFowler.Web.ZPT\CraigFowler.Web.ZPT.csproj
		Policies = $0
		$0.TextStylePolicy = $1
		$1.FileWidth = 120
		$1.TabWidth = 2
		$1.NoTabsAfterNonTabs = True
		$1.inheritsSet = VisualStudio
		$1.inheritsScope = text/plain
		$1.scope = text/plain
		$0.DotNetNamingPolicy = $2
		$2.DirectoryNamespaceAssociation = PrefixedHierarchical
		$2.ResourceNamePolicy = FileName
		$0.StandardHeader = $3
		$3.Text = 
		$3.inheritsSet = Apache2License
	EndGlobalSection
EndGlobal
