
Microsoft Visual Studio Solution File, Format Version 12.00
# Visual Studio 15
Project("{FAE04EC0-301F-11D3-BF4B-00C04F79EFBC}") = "ZptSharp", "ZptSharp\ZptSharp.csproj", "{070A5C48-9099-42DD-B843-1D899F43E4A4}"
EndProject
Project("{FAE04EC0-301F-11D3-BF4B-00C04F79EFBC}") = "ZptSharp.Impl", "ZptSharp.Impl\ZptSharp.Impl.csproj", "{B4EAD7CA-DBFB-4F36-9CFF-FBA965F4ECD7}"
EndProject
Project("{FAE04EC0-301F-11D3-BF4B-00C04F79EFBC}") = "ZptSharp.Tests", "ZptSharp.Tests\ZptSharp.Tests.csproj", "{017A09CE-6AC4-41E7-9BC3-6AAACC750153}"
EndProject
Global
	GlobalSection(SolutionConfigurationPlatforms) = preSolution
		Debug|Any CPU = Debug|Any CPU
		Release|Any CPU = Release|Any CPU
	EndGlobalSection
	GlobalSection(ProjectConfigurationPlatforms) = postSolution
		{070A5C48-9099-42DD-B843-1D899F43E4A4}.Debug|Any CPU.ActiveCfg = Debug|Any CPU
		{070A5C48-9099-42DD-B843-1D899F43E4A4}.Debug|Any CPU.Build.0 = Debug|Any CPU
		{070A5C48-9099-42DD-B843-1D899F43E4A4}.Release|Any CPU.ActiveCfg = Release|Any CPU
		{070A5C48-9099-42DD-B843-1D899F43E4A4}.Release|Any CPU.Build.0 = Release|Any CPU
		{B4EAD7CA-DBFB-4F36-9CFF-FBA965F4ECD7}.Debug|Any CPU.ActiveCfg = Debug|Any CPU
		{B4EAD7CA-DBFB-4F36-9CFF-FBA965F4ECD7}.Debug|Any CPU.Build.0 = Debug|Any CPU
		{B4EAD7CA-DBFB-4F36-9CFF-FBA965F4ECD7}.Release|Any CPU.ActiveCfg = Release|Any CPU
		{B4EAD7CA-DBFB-4F36-9CFF-FBA965F4ECD7}.Release|Any CPU.Build.0 = Release|Any CPU
		{017A09CE-6AC4-41E7-9BC3-6AAACC750153}.Debug|Any CPU.ActiveCfg = Debug|Any CPU
		{017A09CE-6AC4-41E7-9BC3-6AAACC750153}.Debug|Any CPU.Build.0 = Debug|Any CPU
		{017A09CE-6AC4-41E7-9BC3-6AAACC750153}.Release|Any CPU.ActiveCfg = Release|Any CPU
		{017A09CE-6AC4-41E7-9BC3-6AAACC750153}.Release|Any CPU.Build.0 = Release|Any CPU
	EndGlobalSection
EndGlobal
